
Microsoft Visual Studio Solution File, Format Version 12.00
# Visual Studio Version 17
VisualStudioVersion = 17.11.35327.3
MinimumVisualStudioVersion = 10.0.40219.1
Project("{FAE04EC0-301F-11D3-BF4B-00C04F79EFBC}") = "EX006", "EX006.csproj", "{7A11335F-21F0-4B5B-8453-A38F9B0FC6ED}"
EndProject
Global
	GlobalSection(SolutionConfigurationPlatforms) = preSolution
		Debug|Any CPU = Debug|Any CPU
		Release|Any CPU = Release|Any CPU
	EndGlobalSection
	GlobalSection(ProjectConfigurationPlatforms) = postSolution
		{7A11335F-21F0-4B5B-8453-A38F9B0FC6ED}.Debug|Any CPU.ActiveCfg = Debug|Any CPU
		{7A11335F-21F0-4B5B-8453-A38F9B0FC6ED}.Debug|Any CPU.Build.0 = Debug|Any CPU
		{7A11335F-21F0-4B5B-8453-A38F9B0FC6ED}.Release|Any CPU.ActiveCfg = Release|Any CPU
		{7A11335F-21F0-4B5B-8453-A38F9B0FC6ED}.Release|Any CPU.Build.0 = Release|Any CPU
	EndGlobalSection
	GlobalSection(SolutionProperties) = preSolution
		HideSolutionNode = FALSE
	EndGlobalSection
	GlobalSection(ExtensibilityGlobals) = postSolution
		SolutionGuid = {1E6A6D4D-80DA-479D-B607-B96BAAE3C520}
	EndGlobalSection
EndGlobal
