
Microsoft Visual Studio Solution File, Format Version 12.00
# Visual Studio Version 17
VisualStudioVersion = 17.11.35327.3
MinimumVisualStudioVersion = 10.0.40219.1
Project("{FAE04EC0-301F-11D3-BF4B-00C04F79EFBC}") = "VETOR 2", "VETOR 2.csproj", "{BB88F4D3-9172-40F5-85B2-DE68422B85F7}"
EndProject
Global
	GlobalSection(SolutionConfigurationPlatforms) = preSolution
		Debug|Any CPU = Debug|Any CPU
		Release|Any CPU = Release|Any CPU
	EndGlobalSection
	GlobalSection(ProjectConfigurationPlatforms) = postSolution
		{BB88F4D3-9172-40F5-85B2-DE68422B85F7}.Debug|Any CPU.ActiveCfg = Debug|Any CPU
		{BB88F4D3-9172-40F5-85B2-DE68422B85F7}.Debug|Any CPU.Build.0 = Debug|Any CPU
		{BB88F4D3-9172-40F5-85B2-DE68422B85F7}.Release|Any CPU.ActiveCfg = Release|Any CPU
		{BB88F4D3-9172-40F5-85B2-DE68422B85F7}.Release|Any CPU.Build.0 = Release|Any CPU
	EndGlobalSection
	GlobalSection(SolutionProperties) = preSolution
		HideSolutionNode = FALSE
	EndGlobalSection
	GlobalSection(ExtensibilityGlobals) = postSolution
		SolutionGuid = {59B96372-5F4F-4021-A5CE-8B2A6D9E0BD5}
	EndGlobalSection
EndGlobal
