
Microsoft Visual Studio Solution File, Format Version 12.00
# Visual Studio Version 17
VisualStudioVersion = 17.11.35327.3
MinimumVisualStudioVersion = 10.0.40219.1
Project("{FAE04EC0-301F-11D3-BF4B-00C04F79EFBC}") = "senha", "senha.csproj", "{B0A62BAC-CB1A-443C-8F6A-EC8A5B500D27}"
EndProject
Global
	GlobalSection(SolutionConfigurationPlatforms) = preSolution
		Debug|Any CPU = Debug|Any CPU
		Release|Any CPU = Release|Any CPU
	EndGlobalSection
	GlobalSection(ProjectConfigurationPlatforms) = postSolution
		{B0A62BAC-CB1A-443C-8F6A-EC8A5B500D27}.Debug|Any CPU.ActiveCfg = Debug|Any CPU
		{B0A62BAC-CB1A-443C-8F6A-EC8A5B500D27}.Debug|Any CPU.Build.0 = Debug|Any CPU
		{B0A62BAC-CB1A-443C-8F6A-EC8A5B500D27}.Release|Any CPU.ActiveCfg = Release|Any CPU
		{B0A62BAC-CB1A-443C-8F6A-EC8A5B500D27}.Release|Any CPU.Build.0 = Release|Any CPU
	EndGlobalSection
	GlobalSection(SolutionProperties) = preSolution
		HideSolutionNode = FALSE
	EndGlobalSection
	GlobalSection(ExtensibilityGlobals) = postSolution
		SolutionGuid = {8D5F2DB6-66BD-40B2-8351-2442C689F5FA}
	EndGlobalSection
EndGlobal
