
Microsoft Visual Studio Solution File, Format Version 12.00
# Visual Studio Version 17
VisualStudioVersion = 17.11.35327.3
MinimumVisualStudioVersion = 10.0.40219.1
Project("{FAE04EC0-301F-11D3-BF4B-00C04F79EFBC}") = "ConsoleApp1", "ConsoleApp1.csproj", "{ABA6C011-D496-49F7-B1AE-F00C073ECD8B}"
EndProject
Global
	GlobalSection(SolutionConfigurationPlatforms) = preSolution
		Debug|Any CPU = Debug|Any CPU
		Release|Any CPU = Release|Any CPU
	EndGlobalSection
	GlobalSection(ProjectConfigurationPlatforms) = postSolution
		{ABA6C011-D496-49F7-B1AE-F00C073ECD8B}.Debug|Any CPU.ActiveCfg = Debug|Any CPU
		{ABA6C011-D496-49F7-B1AE-F00C073ECD8B}.Debug|Any CPU.Build.0 = Debug|Any CPU
		{ABA6C011-D496-49F7-B1AE-F00C073ECD8B}.Release|Any CPU.ActiveCfg = Release|Any CPU
		{ABA6C011-D496-49F7-B1AE-F00C073ECD8B}.Release|Any CPU.Build.0 = Release|Any CPU
	EndGlobalSection
	GlobalSection(SolutionProperties) = preSolution
		HideSolutionNode = FALSE
	EndGlobalSection
	GlobalSection(ExtensibilityGlobals) = postSolution
		SolutionGuid = {866B1DDE-AAC0-48CE-AF31-15F4DA329B7E}
	EndGlobalSection
EndGlobal
