
Microsoft Visual Studio Solution File, Format Version 12.00
# Visual Studio Version 17
VisualStudioVersion = 17.11.35327.3
MinimumVisualStudioVersion = 10.0.40219.1
Project("{FAE04EC0-301F-11D3-BF4B-00C04F79EFBC}") = "datas", "datas.csproj", "{C231103E-3384-4D10-9D5C-EC011A0DDDAF}"
EndProject
Global
	GlobalSection(SolutionConfigurationPlatforms) = preSolution
		Debug|Any CPU = Debug|Any CPU
		Release|Any CPU = Release|Any CPU
	EndGlobalSection
	GlobalSection(ProjectConfigurationPlatforms) = postSolution
		{C231103E-3384-4D10-9D5C-EC011A0DDDAF}.Debug|Any CPU.ActiveCfg = Debug|Any CPU
		{C231103E-3384-4D10-9D5C-EC011A0DDDAF}.Debug|Any CPU.Build.0 = Debug|Any CPU
		{C231103E-3384-4D10-9D5C-EC011A0DDDAF}.Release|Any CPU.ActiveCfg = Release|Any CPU
		{C231103E-3384-4D10-9D5C-EC011A0DDDAF}.Release|Any CPU.Build.0 = Release|Any CPU
	EndGlobalSection
	GlobalSection(SolutionProperties) = preSolution
		HideSolutionNode = FALSE
	EndGlobalSection
	GlobalSection(ExtensibilityGlobals) = postSolution
		SolutionGuid = {A76BCD66-0E68-453A-A178-9EFC7D66F114}
	EndGlobalSection
EndGlobal
