
Microsoft Visual Studio Solution File, Format Version 12.00
# Visual Studio Version 17
VisualStudioVersion = 17.11.35327.3
MinimumVisualStudioVersion = 10.0.40219.1
Project("{FAE04EC0-301F-11D3-BF4B-00C04F79EFBC}") = "ex005", "ex005.csproj", "{AE71BADF-AC98-467F-AB1C-0F14933676B0}"
EndProject
Global
	GlobalSection(SolutionConfigurationPlatforms) = preSolution
		Debug|Any CPU = Debug|Any CPU
		Release|Any CPU = Release|Any CPU
	EndGlobalSection
	GlobalSection(ProjectConfigurationPlatforms) = postSolution
		{AE71BADF-AC98-467F-AB1C-0F14933676B0}.Debug|Any CPU.ActiveCfg = Debug|Any CPU
		{AE71BADF-AC98-467F-AB1C-0F14933676B0}.Debug|Any CPU.Build.0 = Debug|Any CPU
		{AE71BADF-AC98-467F-AB1C-0F14933676B0}.Release|Any CPU.ActiveCfg = Release|Any CPU
		{AE71BADF-AC98-467F-AB1C-0F14933676B0}.Release|Any CPU.Build.0 = Release|Any CPU
	EndGlobalSection
	GlobalSection(SolutionProperties) = preSolution
		HideSolutionNode = FALSE
	EndGlobalSection
	GlobalSection(ExtensibilityGlobals) = postSolution
		SolutionGuid = {379E6AA4-532D-49D9-991A-7CB88586DCDC}
	EndGlobalSection
EndGlobal
