
Microsoft Visual Studio Solution File, Format Version 12.00
# Visual Studio Version 17
VisualStudioVersion = 17.11.35327.3
MinimumVisualStudioVersion = 10.0.40219.1
Project("{FAE04EC0-301F-11D3-BF4B-00C04F79EFBC}") = "ex008", "ex008.csproj", "{E1205841-E96D-48B4-9F12-26091C58B13E}"
EndProject
Global
	GlobalSection(SolutionConfigurationPlatforms) = preSolution
		Debug|Any CPU = Debug|Any CPU
		Release|Any CPU = Release|Any CPU
	EndGlobalSection
	GlobalSection(ProjectConfigurationPlatforms) = postSolution
		{E1205841-E96D-48B4-9F12-26091C58B13E}.Debug|Any CPU.ActiveCfg = Debug|Any CPU
		{E1205841-E96D-48B4-9F12-26091C58B13E}.Debug|Any CPU.Build.0 = Debug|Any CPU
		{E1205841-E96D-48B4-9F12-26091C58B13E}.Release|Any CPU.ActiveCfg = Release|Any CPU
		{E1205841-E96D-48B4-9F12-26091C58B13E}.Release|Any CPU.Build.0 = Release|Any CPU
	EndGlobalSection
	GlobalSection(SolutionProperties) = preSolution
		HideSolutionNode = FALSE
	EndGlobalSection
	GlobalSection(ExtensibilityGlobals) = postSolution
		SolutionGuid = {43F9E71D-104F-473C-822C-8CAB54BA5956}
	EndGlobalSection
EndGlobal
